<?xml version="1.0" encoding="utf-8"?>
<Project ToolsVersion="4.0" xmlns="http://schemas.microsoft.com/developer/msbuild/2003">
  <ItemGroup>
    <Filter Include="Source">
      <UniqueIdentifier>{e75313fb-36eb-49c9-b64f-0e17af1da8d9}</UniqueIdentifier>
    </Filter>
    <Filter Include="Headers">
      <UniqueIdentifier>{f3c596b2-d256-49b4-ba3f-e92dff1eb63e}</UniqueIdentifier>
    </Filter>
  </ItemGroup>
  <ItemGroup>
    <ClCompile Include="main.cpp">
      <Filter>Source</Filter>
    </ClCompile>
    <ClCompile Include="Matrix.cpp">
      <Filter>Source</Filter>
    </ClCompile>
    <ClCompile Include="Matrix_d.cpp">
      <Filter>Source</Filter>
    </ClCompile>
    <ClCompile Include="Vector.cpp">
      <Filter>Source</Filter>
    </ClCompile>
    <ClCompile Include="HarmReCUDA.cpp">
      <Filter>Source</Filter>
    </ClCompile>
    <ClCompile Include="GenerateProjectionMatrix_d.cpp">
      <Filter>Source</Filter>
    </ClCompile>
    <ClCompile Include="Vector_d.cpp">
      <Filter>Source</Filter>
    </ClCompile>
    <ClCompile Include="findHighestEnergyFundamentals_d.cpp">
      <Filter>Source</Filter>
    </ClCompile>
  </ItemGroup>
  <ItemGroup>
    <ClInclude Include="GenerateProjectionMatrix_d.h">
      <Filter>Headers</Filter>
    </ClInclude>
    <ClInclude Include="Matrix_d.h">
      <Filter>Headers</Filter>
    </ClInclude>
    <ClInclude Include="Matrix.h">
      <Filter>Headers</Filter>
    </ClInclude>
    <ClInclude Include="Vector.h">
      <Filter>Headers</Filter>
    </ClInclude>
    <ClInclude Include="HarmReCUDA.h">
      <Filter>Headers</Filter>
    </ClInclude>
    <ClInclude Include="Vector_d.h">
      <Filter>Headers</Filter>
    </ClInclude>
    <ClInclude Include="findHighestEnergyFundamentals_d.h">
      <Filter>Headers</Filter>
    </ClInclude>
  </ItemGroup>
  <ItemGroup>
    <None Include="LinearAlgebraStructs.h">
      <Filter>Headers</Filter>
    </None>
  </ItemGroup>
  <ItemGroup>
    <CudaCompile Include="GenerateProjectionMatrix_cuda.cu">
      <Filter>Source</Filter>
    </CudaCompile>
    <CudaCompile Include="SquareElements_cuda.cu">
      <Filter>Source</Filter>
    </CudaCompile>
  </ItemGroup>
</Project>